// !$*UTF8*$!
{
	archiveVersion = 1;
	classes = {
	};
	objectVersion = 56;
	objects = {

/* Begin PBXBuildFile section */
		9100484D2C0572F3003729FD /* RootView.swift in Sources */ = {isa = PBXBuildFile; fileRef = 9100484C2C0572F3003729FD /* RootView.swift */; };
		910048502C057439003729FD /* SettingsViewModel.swift in Sources */ = {isa = PBXBuildFile; fileRef = 9100484F2C057439003729FD /* SettingsViewModel.swift */; };
		910048592C05753A003729FD /* ProfileView.swift in Sources */ = {isa = PBXBuildFile; fileRef = 910048582C05753A003729FD /* ProfileView.swift */; };
		9100485D2C057EC9003729FD /* UserManager.swift in Sources */ = {isa = PBXBuildFile; fileRef = 9100485C2C057EC9003729FD /* UserManager.swift */; };
		910048632C0582B3003729FD /* AuthenticationView.swift in Sources */ = {isa = PBXBuildFile; fileRef = 910048622C0582B3003729FD /* AuthenticationView.swift */; };
		910048672C0582EE003729FD /* SignInEmailView.swift in Sources */ = {isa = PBXBuildFile; fileRef = 910048662C0582EE003729FD /* SignInEmailView.swift */; };
		9100486B2C06235E003729FD /* Assets.xcassets in Resources */ = {isa = PBXBuildFile; fileRef = 9100486A2C06235E003729FD /* Assets.xcassets */; };
		911887742C0420DB001C128F /* AuxRemakeApp.swift in Sources */ = {isa = PBXBuildFile; fileRef = 911887732C0420DB001C128F /* AuxRemakeApp.swift */; };
		911887762C0420DB001C128F /* ContentView.swift in Sources */ = {isa = PBXBuildFile; fileRef = 911887752C0420DB001C128F /* ContentView.swift */; };
		9118877B2C0420DD001C128F /* Preview Assets.xcassets in Resources */ = {isa = PBXBuildFile; fileRef = 9118877A2C0420DD001C128F /* Preview Assets.xcassets */; };
		911887852C0422D8001C128F /* FirebaseAnalytics in Frameworks */ = {isa = PBXBuildFile; productRef = 911887842C0422D8001C128F /* FirebaseAnalytics */; };
		911887872C0422D8001C128F /* FirebaseAnalyticsSwift in Frameworks */ = {isa = PBXBuildFile; productRef = 911887862C0422D8001C128F /* FirebaseAnalyticsSwift */; };
		9118878A2C0424F7001C128F /* FirebaseAuth in Frameworks */ = {isa = PBXBuildFile; productRef = 911887892C0424F7001C128F /* FirebaseAuth */; };
		911887912C042947001C128F /* AuthenticationManager.swift in Sources */ = {isa = PBXBuildFile; fileRef = 911887902C042947001C128F /* AuthenticationManager.swift */; };
		911887952C042EFA001C128F /* SettingsView.swift in Sources */ = {isa = PBXBuildFile; fileRef = 911887942C042EFA001C128F /* SettingsView.swift */; };
		911887972C044048001C128F /* CreateAccountEmailView.swift in Sources */ = {isa = PBXBuildFile; fileRef = 911887962C044048001C128F /* CreateAccountEmailView.swift */; };
		9118879A2C04E2B0001C128F /* GoogleSignIn in Frameworks */ = {isa = PBXBuildFile; productRef = 911887992C04E2B0001C128F /* GoogleSignIn */; };
		9118879C2C04E2B0001C128F /* GoogleSignInSwift in Frameworks */ = {isa = PBXBuildFile; productRef = 9118879B2C04E2B0001C128F /* GoogleSignInSwift */; };
		9118879F2C04E380001C128F /* GoogleService-Info.plist in Resources */ = {isa = PBXBuildFile; fileRef = 9118879E2C04E380001C128F /* GoogleService-Info.plist */; };
		911887A22C04EC8A001C128F /* Utilities.swift in Sources */ = {isa = PBXBuildFile; fileRef = 911887A12C04EC8A001C128F /* Utilities.swift */; };
		911887A42C051BE4001C128F /* SignInGoogleHelper.swift in Sources */ = {isa = PBXBuildFile; fileRef = 911887A32C051BE3001C128F /* SignInGoogleHelper.swift */; };
		911887A62C057226001C128F /* FirebaseFirestore in Frameworks */ = {isa = PBXBuildFile; productRef = 911887A52C057226001C128F /* FirebaseFirestore */; };
		911887A82C057226001C128F /* FirebaseFirestoreSwift in Frameworks */ = {isa = PBXBuildFile; productRef = 911887A72C057226001C128F /* FirebaseFirestoreSwift */; };
/* End PBXBuildFile section */

/* Begin PBXFileReference section */
		9100484C2C0572F3003729FD /* RootView.swift */ = {isa = PBXFileReference; lastKnownFileType = sourcecode.swift; path = RootView.swift; sourceTree = "<group>"; };
		9100484F2C057439003729FD /* SettingsViewModel.swift */ = {isa = PBXFileReference; lastKnownFileType = sourcecode.swift; path = SettingsViewModel.swift; sourceTree = "<group>"; };
		910048582C05753A003729FD /* ProfileView.swift */ = {isa = PBXFileReference; lastKnownFileType = sourcecode.swift; path = ProfileView.swift; sourceTree = "<group>"; };
		9100485C2C057EC9003729FD /* UserManager.swift */ = {isa = PBXFileReference; lastKnownFileType = sourcecode.swift; path = UserManager.swift; sourceTree = "<group>"; };
		910048622C0582B3003729FD /* AuthenticationView.swift */ = {isa = PBXFileReference; lastKnownFileType = sourcecode.swift; path = AuthenticationView.swift; sourceTree = "<group>"; };
		910048662C0582EE003729FD /* SignInEmailView.swift */ = {isa = PBXFileReference; lastKnownFileType = sourcecode.swift; path = SignInEmailView.swift; sourceTree = "<group>"; };
		9100486A2C06235E003729FD /* Assets.xcassets */ = {isa = PBXFileReference; lastKnownFileType = folder.assetcatalog; path = Assets.xcassets; sourceTree = "<group>"; };
		911887702C0420DB001C128F /* AuxRemake.app */ = {isa = PBXFileReference; explicitFileType = wrapper.application; includeInIndex = 0; path = AuxRemake.app; sourceTree = BUILT_PRODUCTS_DIR; };
		911887732C0420DB001C128F /* AuxRemakeApp.swift */ = {isa = PBXFileReference; lastKnownFileType = sourcecode.swift; path = AuxRemakeApp.swift; sourceTree = "<group>"; };
		911887752C0420DB001C128F /* ContentView.swift */ = {isa = PBXFileReference; lastKnownFileType = sourcecode.swift; path = ContentView.swift; sourceTree = "<group>"; };
		9118877A2C0420DD001C128F /* Preview Assets.xcassets */ = {isa = PBXFileReference; lastKnownFileType = folder.assetcatalog; path = "Preview Assets.xcassets"; sourceTree = "<group>"; };
		911887902C042947001C128F /* AuthenticationManager.swift */ = {isa = PBXFileReference; lastKnownFileType = sourcecode.swift; path = AuthenticationManager.swift; sourceTree = "<group>"; };
		911887942C042EFA001C128F /* SettingsView.swift */ = {isa = PBXFileReference; lastKnownFileType = sourcecode.swift; path = SettingsView.swift; sourceTree = "<group>"; };
		911887962C044048001C128F /* CreateAccountEmailView.swift */ = {isa = PBXFileReference; lastKnownFileType = sourcecode.swift; path = CreateAccountEmailView.swift; sourceTree = "<group>"; };
		9118879D2C04E2FF001C128F /* Info.plist */ = {isa = PBXFileReference; lastKnownFileType = text.plist; path = Info.plist; sourceTree = "<group>"; };
		9118879E2C04E380001C128F /* GoogleService-Info.plist */ = {isa = PBXFileReference; fileEncoding = 4; lastKnownFileType = text.plist.xml; path = "GoogleService-Info.plist"; sourceTree = "<group>"; };
		911887A12C04EC8A001C128F /* Utilities.swift */ = {isa = PBXFileReference; lastKnownFileType = sourcecode.swift; path = Utilities.swift; sourceTree = "<group>"; };
		911887A32C051BE3001C128F /* SignInGoogleHelper.swift */ = {isa = PBXFileReference; lastKnownFileType = sourcecode.swift; path = SignInGoogleHelper.swift; sourceTree = "<group>"; };
/* End PBXFileReference section */

/* Begin PBXFrameworksBuildPhase section */
		9118876D2C0420DB001C128F /* Frameworks */ = {
			isa = PBXFrameworksBuildPhase;
			buildActionMask = 2147483647;
			files = (
				9118879C2C04E2B0001C128F /* GoogleSignInSwift in Frameworks */,
				911887872C0422D8001C128F /* FirebaseAnalyticsSwift in Frameworks */,
				9118879A2C04E2B0001C128F /* GoogleSignIn in Frameworks */,
				911887A82C057226001C128F /* FirebaseFirestoreSwift in Frameworks */,
				9118878A2C0424F7001C128F /* FirebaseAuth in Frameworks */,
				911887852C0422D8001C128F /* FirebaseAnalytics in Frameworks */,
				911887A62C057226001C128F /* FirebaseFirestore in Frameworks */,
			);
			runOnlyForDeploymentPostprocessing = 0;
		};
/* End PBXFrameworksBuildPhase section */

/* Begin PBXGroup section */
		9100484E2C057423003729FD /* Settings */ = {
			isa = PBXGroup;
			children = (
				911887942C042EFA001C128F /* SettingsView.swift */,
				9100484F2C057439003729FD /* SettingsViewModel.swift */,
			);
			path = Settings;
			sourceTree = "<group>";
		};
		910048572C057510003729FD /* Profile */ = {
			isa = PBXGroup;
			children = (
				910048582C05753A003729FD /* ProfileView.swift */,
			);
			path = Profile;
			sourceTree = "<group>";
		};
		9100485A2C057E40003729FD /* Core */ = {
			isa = PBXGroup;
			children = (
				9100484C2C0572F3003729FD /* RootView.swift */,
			);
			path = Core;
			sourceTree = "<group>";
		};
		9100485B2C057EA3003729FD /* Firestore */ = {
			isa = PBXGroup;
			children = (
				9100485C2C057EC9003729FD /* UserManager.swift */,
			);
			path = Firestore;
			sourceTree = "<group>";
		};
		910048602C058267003729FD /* Auth */ = {
			isa = PBXGroup;
			children = (
				910048622C0582B3003729FD /* AuthenticationView.swift */,
				910048612C058271003729FD /* Subviews */,
			);
			path = Auth;
			sourceTree = "<group>";
		};
		910048612C058271003729FD /* Subviews */ = {
			isa = PBXGroup;
			children = (
				910048662C0582EE003729FD /* SignInEmailView.swift */,
			);
			path = Subviews;
			sourceTree = "<group>";
		};
		911887672C0420DB001C128F = {
			isa = PBXGroup;
			children = (
				911887722C0420DB001C128F /* AuxRemake */,
				911887712C0420DB001C128F /* Products */,
				911887882C0424F7001C128F /* Frameworks */,
			);
			sourceTree = "<group>";
		};
		911887712C0420DB001C128F /* Products */ = {
			isa = PBXGroup;
			children = (
				911887702C0420DB001C128F /* AuxRemake.app */,
			);
			name = Products;
			sourceTree = "<group>";
		};
		911887722C0420DB001C128F /* AuxRemake */ = {
			isa = PBXGroup;
			children = (
				910048602C058267003729FD /* Auth */,
				9100485B2C057EA3003729FD /* Firestore */,
				9100484E2C057423003729FD /* Settings */,
				910048572C057510003729FD /* Profile */,
				9100485A2C057E40003729FD /* Core */,
				911887A02C04EC78001C128F /* Utilities */,
				9118879D2C04E2FF001C128F /* Info.plist */,
				9118878B2C042521001C128F /* Authentication */,
				911887732C0420DB001C128F /* AuxRemakeApp.swift */,
				911887752C0420DB001C128F /* ContentView.swift */,
				9118879E2C04E380001C128F /* GoogleService-Info.plist */,
				9100486A2C06235E003729FD /* Assets.xcassets */,
				911887792C0420DD001C128F /* Preview Content */,
			);
			path = AuxRemake;
			sourceTree = "<group>";
		};
		911887792C0420DD001C128F /* Preview Content */ = {
			isa = PBXGroup;
			children = (
				9118877A2C0420DD001C128F /* Preview Assets.xcassets */,
			);
			path = "Preview Content";
			sourceTree = "<group>";
		};
		911887882C0424F7001C128F /* Frameworks */ = {
			isa = PBXGroup;
			children = (
			);
			name = Frameworks;
			sourceTree = "<group>";
		};
		9118878B2C042521001C128F /* Authentication */ = {
			isa = PBXGroup;
			children = (
				911887902C042947001C128F /* AuthenticationManager.swift */,
				911887962C044048001C128F /* CreateAccountEmailView.swift */,
				911887A32C051BE3001C128F /* SignInGoogleHelper.swift */,
			);
			path = Authentication;
			sourceTree = "<group>";
		};
		911887A02C04EC78001C128F /* Utilities */ = {
			isa = PBXGroup;
			children = (
				911887A12C04EC8A001C128F /* Utilities.swift */,
			);
			path = Utilities;
			sourceTree = "<group>";
		};
/* End PBXGroup section */

/* Begin PBXNativeTarget section */
		9118876F2C0420DB001C128F /* AuxRemake */ = {
			isa = PBXNativeTarget;
			buildConfigurationList = 9118877E2C0420DD001C128F /* Build configuration list for PBXNativeTarget "AuxRemake" */;
			buildPhases = (
				9118876C2C0420DB001C128F /* Sources */,
				9118876D2C0420DB001C128F /* Frameworks */,
				9118876E2C0420DB001C128F /* Resources */,
			);
			buildRules = (
			);
			dependencies = (
			);
			name = AuxRemake;
			packageProductDependencies = (
				911887842C0422D8001C128F /* FirebaseAnalytics */,
				911887862C0422D8001C128F /* FirebaseAnalyticsSwift */,
				911887892C0424F7001C128F /* FirebaseAuth */,
				911887992C04E2B0001C128F /* GoogleSignIn */,
				9118879B2C04E2B0001C128F /* GoogleSignInSwift */,
				911887A52C057226001C128F /* FirebaseFirestore */,
				911887A72C057226001C128F /* FirebaseFirestoreSwift */,
			);
			productName = AuxRemake;
			productReference = 911887702C0420DB001C128F /* AuxRemake.app */;
			productType = "com.apple.product-type.application";
		};
/* End PBXNativeTarget section */

/* Begin PBXProject section */
		911887682C0420DB001C128F /* Project object */ = {
			isa = PBXProject;
			attributes = {
				BuildIndependentTargetsInParallel = 1;
				LastSwiftUpdateCheck = 1540;
				LastUpgradeCheck = 1540;
				TargetAttributes = {
					9118876F2C0420DB001C128F = {
						CreatedOnToolsVersion = 15.4;
					};
				};
			};
			buildConfigurationList = 9118876B2C0420DB001C128F /* Build configuration list for PBXProject "AuxRemake" */;
			compatibilityVersion = "Xcode 14.0";
			developmentRegion = en;
			hasScannedForEncodings = 0;
			knownRegions = (
				en,
				Base,
			);
			mainGroup = 911887672C0420DB001C128F;
			packageReferences = (
				911887832C0422D8001C128F /* XCRemoteSwiftPackageReference "firebase-ios-sdk" */,
				911887982C04E2B0001C128F /* XCRemoteSwiftPackageReference "GoogleSignIn-iOS" */,
			);
			productRefGroup = 911887712C0420DB001C128F /* Products */;
			projectDirPath = "";
			projectRoot = "";
			targets = (
				9118876F2C0420DB001C128F /* AuxRemake */,
			);
		};
/* End PBXProject section */

/* Begin PBXResourcesBuildPhase section */
		9118876E2C0420DB001C128F /* Resources */ = {
			isa = PBXResourcesBuildPhase;
			buildActionMask = 2147483647;
			files = (
				9118879F2C04E380001C128F /* GoogleService-Info.plist in Resources */,
				9118877B2C0420DD001C128F /* Preview Assets.xcassets in Resources */,
				9100486B2C06235E003729FD /* Assets.xcassets in Resources */,
			);
			runOnlyForDeploymentPostprocessing = 0;
		};
/* End PBXResourcesBuildPhase section */

/* Begin PBXSourcesBuildPhase section */
		9118876C2C0420DB001C128F /* Sources */ = {
			isa = PBXSourcesBuildPhase;
			buildActionMask = 2147483647;
			files = (
				911887A42C051BE4001C128F /* SignInGoogleHelper.swift in Sources */,
				911887952C042EFA001C128F /* SettingsView.swift in Sources */,
				9100485D2C057EC9003729FD /* UserManager.swift in Sources */,
				911887762C0420DB001C128F /* ContentView.swift in Sources */,
				910048672C0582EE003729FD /* SignInEmailView.swift in Sources */,
				911887742C0420DB001C128F /* AuxRemakeApp.swift in Sources */,
				9100484D2C0572F3003729FD /* RootView.swift in Sources */,
				911887912C042947001C128F /* AuthenticationManager.swift in Sources */,
				911887A22C04EC8A001C128F /* Utilities.swift in Sources */,
				910048502C057439003729FD /* SettingsViewModel.swift in Sources */,
				911887972C044048001C128F /* CreateAccountEmailView.swift in Sources */,
				910048592C05753A003729FD /* ProfileView.swift in Sources */,
				910048632C0582B3003729FD /* AuthenticationView.swift in Sources */,
			);
			runOnlyForDeploymentPostprocessing = 0;
		};
/* End PBXSourcesBuildPhase section */

/* Begin XCBuildConfiguration section */
		9118877C2C0420DD001C128F /* Debug */ = {
			isa = XCBuildConfiguration;
			buildSettings = {
				ALWAYS_SEARCH_USER_PATHS = NO;
				ASSETCATALOG_COMPILER_GENERATE_SWIFT_ASSET_SYMBOL_EXTENSIONS = YES;
				CLANG_ANALYZER_NONNULL = YES;
				CLANG_ANALYZER_NUMBER_OBJECT_CONVERSION = YES_AGGRESSIVE;
				CLANG_CXX_LANGUAGE_STANDARD = "gnu++20";
				CLANG_ENABLE_MODULES = YES;
				CLANG_ENABLE_OBJC_ARC = YES;
				CLANG_ENABLE_OBJC_WEAK = YES;
				CLANG_WARN_BLOCK_CAPTURE_AUTORELEASING = YES;
				CLANG_WARN_BOOL_CONVERSION = YES;
				CLANG_WARN_COMMA = YES;
				CLANG_WARN_CONSTANT_CONVERSION = YES;
				CLANG_WARN_DEPRECATED_OBJC_IMPLEMENTATIONS = YES;
				CLANG_WARN_DIRECT_OBJC_ISA_USAGE = YES_ERROR;
				CLANG_WARN_DOCUMENTATION_COMMENTS = YES;
				CLANG_WARN_EMPTY_BODY = YES;
				CLANG_WARN_ENUM_CONVERSION = YES;
				CLANG_WARN_INFINITE_RECURSION = YES;
				CLANG_WARN_INT_CONVERSION = YES;
				CLANG_WARN_NON_LITERAL_NULL_CONVERSION = YES;
				CLANG_WARN_OBJC_IMPLICIT_RETAIN_SELF = YES;
				CLANG_WARN_OBJC_LITERAL_CONVERSION = YES;
				CLANG_WARN_OBJC_ROOT_CLASS = YES_ERROR;
				CLANG_WARN_QUOTED_INCLUDE_IN_FRAMEWORK_HEADER = YES;
				CLANG_WARN_RANGE_LOOP_ANALYSIS = YES;
				CLANG_WARN_STRICT_PROTOTYPES = YES;
				CLANG_WARN_SUSPICIOUS_MOVE = YES;
				CLANG_WARN_UNGUARDED_AVAILABILITY = YES_AGGRESSIVE;
				CLANG_WARN_UNREACHABLE_CODE = YES;
				CLANG_WARN__DUPLICATE_METHOD_MATCH = YES;
				COPY_PHASE_STRIP = NO;
				DEBUG_INFORMATION_FORMAT = dwarf;
				ENABLE_STRICT_OBJC_MSGSEND = YES;
				ENABLE_TESTABILITY = YES;
				ENABLE_USER_SCRIPT_SANDBOXING = YES;
				GCC_C_LANGUAGE_STANDARD = gnu17;
				GCC_DYNAMIC_NO_PIC = NO;
				GCC_NO_COMMON_BLOCKS = YES;
				GCC_OPTIMIZATION_LEVEL = 0;
				GCC_PREPROCESSOR_DEFINITIONS = (
					"DEBUG=1",
					"$(inherited)",
				);
				GCC_WARN_64_TO_32_BIT_CONVERSION = YES;
				GCC_WARN_ABOUT_RETURN_TYPE = YES_ERROR;
				GCC_WARN_UNDECLARED_SELECTOR = YES;
				GCC_WARN_UNINITIALIZED_AUTOS = YES_AGGRESSIVE;
				GCC_WARN_UNUSED_FUNCTION = YES;
				GCC_WARN_UNUSED_VARIABLE = YES;
				IPHONEOS_DEPLOYMENT_TARGET = 17.5;
				LOCALIZATION_PREFERS_STRING_CATALOGS = YES;
				MTL_ENABLE_DEBUG_INFO = INCLUDE_SOURCE;
				MTL_FAST_MATH = YES;
				ONLY_ACTIVE_ARCH = YES;
				SDKROOT = iphoneos;
				SWIFT_ACTIVE_COMPILATION_CONDITIONS = "DEBUG $(inherited)";
				SWIFT_OPTIMIZATION_LEVEL = "-Onone";
			};
			name = Debug;
		};
		9118877D2C0420DD001C128F /* Release */ = {
			isa = XCBuildConfiguration;
			buildSettings = {
				ALWAYS_SEARCH_USER_PATHS = NO;
				ASSETCATALOG_COMPILER_GENERATE_SWIFT_ASSET_SYMBOL_EXTENSIONS = YES;
				CLANG_ANALYZER_NONNULL = YES;
				CLANG_ANALYZER_NUMBER_OBJECT_CONVERSION = YES_AGGRESSIVE;
				CLANG_CXX_LANGUAGE_STANDARD = "gnu++20";
				CLANG_ENABLE_MODULES = YES;
				CLANG_ENABLE_OBJC_ARC = YES;
				CLANG_ENABLE_OBJC_WEAK = YES;
				CLANG_WARN_BLOCK_CAPTURE_AUTORELEASING = YES;
				CLANG_WARN_BOOL_CONVERSION = YES;
				CLANG_WARN_COMMA = YES;
				CLANG_WARN_CONSTANT_CONVERSION = YES;
				CLANG_WARN_DEPRECATED_OBJC_IMPLEMENTATIONS = YES;
				CLANG_WARN_DIRECT_OBJC_ISA_USAGE = YES_ERROR;
				CLANG_WARN_DOCUMENTATION_COMMENTS = YES;
				CLANG_WARN_EMPTY_BODY = YES;
				CLANG_WARN_ENUM_CONVERSION = YES;
				CLANG_WARN_INFINITE_RECURSION = YES;
				CLANG_WARN_INT_CONVERSION = YES;
				CLANG_WARN_NON_LITERAL_NULL_CONVERSION = YES;
				CLANG_WARN_OBJC_IMPLICIT_RETAIN_SELF = YES;
				CLANG_WARN_OBJC_LITERAL_CONVERSION = YES;
				CLANG_WARN_OBJC_ROOT_CLASS = YES_ERROR;
				CLANG_WARN_QUOTED_INCLUDE_IN_FRAMEWORK_HEADER = YES;
				CLANG_WARN_RANGE_LOOP_ANALYSIS = YES;
				CLANG_WARN_STRICT_PROTOTYPES = YES;
				CLANG_WARN_SUSPICIOUS_MOVE = YES;
				CLANG_WARN_UNGUARDED_AVAILABILITY = YES_AGGRESSIVE;
				CLANG_WARN_UNREACHABLE_CODE = YES;
				CLANG_WARN__DUPLICATE_METHOD_MATCH = YES;
				COPY_PHASE_STRIP = NO;
				DEBUG_INFORMATION_FORMAT = "dwarf-with-dsym";
				ENABLE_NS_ASSERTIONS = NO;
				ENABLE_STRICT_OBJC_MSGSEND = YES;
				ENABLE_USER_SCRIPT_SANDBOXING = YES;
				GCC_C_LANGUAGE_STANDARD = gnu17;
				GCC_NO_COMMON_BLOCKS = YES;
				GCC_WARN_64_TO_32_BIT_CONVERSION = YES;
				GCC_WARN_ABOUT_RETURN_TYPE = YES_ERROR;
				GCC_WARN_UNDECLARED_SELECTOR = YES;
				GCC_WARN_UNINITIALIZED_AUTOS = YES_AGGRESSIVE;
				GCC_WARN_UNUSED_FUNCTION = YES;
				GCC_WARN_UNUSED_VARIABLE = YES;
				IPHONEOS_DEPLOYMENT_TARGET = 17.5;
				LOCALIZATION_PREFERS_STRING_CATALOGS = YES;
				MTL_ENABLE_DEBUG_INFO = NO;
				MTL_FAST_MATH = YES;
				SDKROOT = iphoneos;
				SWIFT_COMPILATION_MODE = wholemodule;
				VALIDATE_PRODUCT = YES;
			};
			name = Release;
		};
		9118877F2C0420DD001C128F /* Debug */ = {
			isa = XCBuildConfiguration;
			buildSettings = {
				ASSETCATALOG_COMPILER_APPICON_NAME = AppIcon;
				ASSETCATALOG_COMPILER_GLOBAL_ACCENT_COLOR_NAME = AccentColor;
				CODE_SIGN_STYLE = Automatic;
				CURRENT_PROJECT_VERSION = 1;
				DEVELOPMENT_ASSET_PATHS = "\"AuxRemake/Preview Content\"";
				DEVELOPMENT_TEAM = 3V3N7C2X33;
				ENABLE_PREVIEWS = YES;
				GENERATE_INFOPLIST_FILE = YES;
				INFOPLIST_FILE = AuxRemake/Info.plist;
				INFOPLIST_KEY_UIApplicationSceneManifest_Generation = YES;
				INFOPLIST_KEY_UIApplicationSupportsIndirectInputEvents = YES;
				INFOPLIST_KEY_UILaunchScreen_Generation = YES;
				INFOPLIST_KEY_UISupportedInterfaceOrientations_iPad = "UIInterfaceOrientationPortrait UIInterfaceOrientationPortraitUpsideDown UIInterfaceOrientationLandscapeLeft UIInterfaceOrientationLandscapeRight";
				INFOPLIST_KEY_UISupportedInterfaceOrientations_iPhone = "UIInterfaceOrientationPortrait UIInterfaceOrientationLandscapeLeft UIInterfaceOrientationLandscapeRight";
				LD_RUNPATH_SEARCH_PATHS = (
					"$(inherited)",
					"@executable_path/Frameworks",
				);
				MARKETING_VERSION = 1.0;
				PRODUCT_BUNDLE_IDENTIFIER = com.GrewalLu.AuxRemake;
				PRODUCT_NAME = "$(TARGET_NAME)";
				SWIFT_EMIT_LOC_STRINGS = YES;
				SWIFT_VERSION = 5.0;
				TARGETED_DEVICE_FAMILY = "1,2";
			};
			name = Debug;
		};
		911887802C0420DD001C128F /* Release */ = {
			isa = XCBuildConfiguration;
			buildSettings = {
				ASSETCATALOG_COMPILER_APPICON_NAME = AppIcon;
				ASSETCATALOG_COMPILER_GLOBAL_ACCENT_COLOR_NAME = AccentColor;
				CODE_SIGN_STYLE = Automatic;
				CURRENT_PROJECT_VERSION = 1;
				DEVELOPMENT_ASSET_PATHS = "\"AuxRemake/Preview Content\"";
				DEVELOPMENT_TEAM = 3V3N7C2X33;
				ENABLE_PREVIEWS = YES;
				GENERATE_INFOPLIST_FILE = YES;
				INFOPLIST_FILE = AuxRemake/Info.plist;
				INFOPLIST_KEY_UIApplicationSceneManifest_Generation = YES;
				INFOPLIST_KEY_UIApplicationSupportsIndirectInputEvents = YES;
				INFOPLIST_KEY_UILaunchScreen_Generation = YES;
				INFOPLIST_KEY_UISupportedInterfaceOrientations_iPad = "UIInterfaceOrientationPortrait UIInterfaceOrientationPortraitUpsideDown UIInterfaceOrientationLandscapeLeft UIInterfaceOrientationLandscapeRight";
				INFOPLIST_KEY_UISupportedInterfaceOrientations_iPhone = "UIInterfaceOrientationPortrait UIInterfaceOrientationLandscapeLeft UIInterfaceOrientationLandscapeRight";
				LD_RUNPATH_SEARCH_PATHS = (
					"$(inherited)",
					"@executable_path/Frameworks",
				);
				MARKETING_VERSION = 1.0;
				PRODUCT_BUNDLE_IDENTIFIER = com.GrewalLu.AuxRemake;
				PRODUCT_NAME = "$(TARGET_NAME)";
				SWIFT_EMIT_LOC_STRINGS = YES;
				SWIFT_VERSION = 5.0;
				TARGETED_DEVICE_FAMILY = "1,2";
			};
			name = Release;
		};
/* End XCBuildConfiguration section */

/* Begin XCConfigurationList section */
		9118876B2C0420DB001C128F /* Build configuration list for PBXProject "AuxRemake" */ = {
			isa = XCConfigurationList;
			buildConfigurations = (
				9118877C2C0420DD001C128F /* Debug */,
				9118877D2C0420DD001C128F /* Release */,
			);
			defaultConfigurationIsVisible = 0;
			defaultConfigurationName = Release;
		};
		9118877E2C0420DD001C128F /* Build configuration list for PBXNativeTarget "AuxRemake" */ = {
			isa = XCConfigurationList;
			buildConfigurations = (
				9118877F2C0420DD001C128F /* Debug */,
				911887802C0420DD001C128F /* Release */,
			);
			defaultConfigurationIsVisible = 0;
			defaultConfigurationName = Release;
		};
/* End XCConfigurationList section */

/* Begin XCRemoteSwiftPackageReference section */
		911887832C0422D8001C128F /* XCRemoteSwiftPackageReference "firebase-ios-sdk" */ = {
			isa = XCRemoteSwiftPackageReference;
			repositoryURL = "https://github.com/firebase/firebase-ios-sdk.git";
			requirement = {
				kind = upToNextMajorVersion;
				minimumVersion = 10.26.0;
			};
		};
		911887982C04E2B0001C128F /* XCRemoteSwiftPackageReference "GoogleSignIn-iOS" */ = {
			isa = XCRemoteSwiftPackageReference;
			repositoryURL = "https://github.com/google/GoogleSignIn-iOS.git";
			requirement = {
				kind = upToNextMajorVersion;
				minimumVersion = 7.1.0;
			};
		};
/* End XCRemoteSwiftPackageReference section */

/* Begin XCSwiftPackageProductDependency section */
		911887842C0422D8001C128F /* FirebaseAnalytics */ = {
			isa = XCSwiftPackageProductDependency;
			package = 911887832C0422D8001C128F /* XCRemoteSwiftPackageReference "firebase-ios-sdk" */;
			productName = FirebaseAnalytics;
		};
		911887862C0422D8001C128F /* FirebaseAnalyticsSwift */ = {
			isa = XCSwiftPackageProductDependency;
			package = 911887832C0422D8001C128F /* XCRemoteSwiftPackageReference "firebase-ios-sdk" */;
			productName = FirebaseAnalyticsSwift;
		};
		911887892C0424F7001C128F /* FirebaseAuth */ = {
			isa = XCSwiftPackageProductDependency;
			package = 911887832C0422D8001C128F /* XCRemoteSwiftPackageReference "firebase-ios-sdk" */;
			productName = FirebaseAuth;
		};
		911887992C04E2B0001C128F /* GoogleSignIn */ = {
			isa = XCSwiftPackageProductDependency;
			package = 911887982C04E2B0001C128F /* XCRemoteSwiftPackageReference "GoogleSignIn-iOS" */;
			productName = GoogleSignIn;
		};
		9118879B2C04E2B0001C128F /* GoogleSignInSwift */ = {
			isa = XCSwiftPackageProductDependency;
			package = 911887982C04E2B0001C128F /* XCRemoteSwiftPackageReference "GoogleSignIn-iOS" */;
			productName = GoogleSignInSwift;
		};
		911887A52C057226001C128F /* FirebaseFirestore */ = {
			isa = XCSwiftPackageProductDependency;
			package = 911887832C0422D8001C128F /* XCRemoteSwiftPackageReference "firebase-ios-sdk" */;
			productName = FirebaseFirestore;
		};
		911887A72C057226001C128F /* FirebaseFirestoreSwift */ = {
			isa = XCSwiftPackageProductDependency;
			package = 911887832C0422D8001C128F /* XCRemoteSwiftPackageReference "firebase-ios-sdk" */;
			productName = FirebaseFirestoreSwift;
		};
/* End XCSwiftPackageProductDependency section */
	};
	rootObject = 911887682C0420DB001C128F /* Project object */;
}
